
Microsoft Visual Studio Solution File, Format Version 12.00
# Visual Studio Version 16
VisualStudioVersion = 16.0.30114.105
MinimumVisualStudioVersion = 10.0.40219.1
Project("{FAE04EC0-301F-11D3-BF4B-00C04F79EFBC}") = "ExemplosFundamentos", "ExemplosFundamentos.csproj", "{9E0D3F34-0833-43F8-AD54-1350F70E5339}"
EndProject
Project("{FAE04EC0-301F-11D3-BF4B-00C04F79EFBC}") = "ExemplosFundamentos.Common", "ExemplosFundamentos.Common\ExemplosFundamentos.Common.csproj", "{10183F87-1A2D-43F5-9222-C686CB68353F}"
EndProject
Global
	GlobalSection(SolutionConfigurationPlatforms) = preSolution
		Debug|Any CPU = Debug|Any CPU
		Release|Any CPU = Release|Any CPU
	EndGlobalSection
	GlobalSection(SolutionProperties) = preSolution
		HideSolutionNode = FALSE
	EndGlobalSection
	GlobalSection(ProjectConfigurationPlatforms) = postSolution
		{9E0D3F34-0833-43F8-AD54-1350F70E5339}.Debug|Any CPU.ActiveCfg = Debug|Any CPU
		{9E0D3F34-0833-43F8-AD54-1350F70E5339}.Debug|Any CPU.Build.0 = Debug|Any CPU
		{9E0D3F34-0833-43F8-AD54-1350F70E5339}.Release|Any CPU.ActiveCfg = Release|Any CPU
		{9E0D3F34-0833-43F8-AD54-1350F70E5339}.Release|Any CPU.Build.0 = Release|Any CPU
		{10183F87-1A2D-43F5-9222-C686CB68353F}.Debug|Any CPU.ActiveCfg = Debug|Any CPU
		{10183F87-1A2D-43F5-9222-C686CB68353F}.Debug|Any CPU.Build.0 = Debug|Any CPU
		{10183F87-1A2D-43F5-9222-C686CB68353F}.Release|Any CPU.ActiveCfg = Release|Any CPU
		{10183F87-1A2D-43F5-9222-C686CB68353F}.Release|Any CPU.Build.0 = Release|Any CPU
	EndGlobalSection
EndGlobal
